
Microsoft Visual Studio Solution File, Format Version 12.00
Project("{FAE04EC0-301F-11D3-BF4B-00C04F79EFBC}") = "tests", "tests\tests.csproj", "{8591C954-C611-47A5-992A-1A65F899241E}"
EndProject
Project("{FAE04EC0-301F-11D3-BF4B-00C04F79EFBC}") = "Domain", "src\Core\Domain\Domain.csproj", "{E4710718-AE3C-4322-AAFD-DA8B0B584A15}"
EndProject
Project("{FAE04EC0-301F-11D3-BF4B-00C04F79EFBC}") = "Application", "src\Core\Application\Application.csproj", "{6D3CC935-347C-4B30-BBBE-92822584570E}"
EndProject
Project("{FAE04EC0-301F-11D3-BF4B-00C04F79EFBC}") = "Infrastructure", "src\Infrastructure\Infrastructure.csproj", "{25F9509A-9C85-41DF-AD92-7EF3C1A1FA83}"
EndProject
Project("{FAE04EC0-301F-11D3-BF4B-00C04F79EFBC}") = "SharedKernel", "src\SharedKernel\SharedKernel.csproj", "{7D5B4CA7-C0EF-4E21-B515-780B60EBC910}"
EndProject
Project("{FAE04EC0-301F-11D3-BF4B-00C04F79EFBC}") = "FunctionApps", "src\Hosts\FunctionApps\FunctionApps.csproj", "{71D62787-4B12-4AB1-A325-9D010D9EC932}"
EndProject
Project("{FAE04EC0-301F-11D3-BF4B-00C04F79EFBC}") = "Ntt.Analytics", "src\Hosts\AppServices\Ntt.Analytics\Ntt.Analytics.csproj", "{AABD8C29-0F3D-494A-8497-854695D2B2DC}"
EndProject
Project("{FAE04EC0-301F-11D3-BF4B-00C04F79EFBC}") = "Crc.Analytics", "src\Hosts\AppServices\Crc.Analytics\Crc.Analytics.csproj", "{C1FF93A8-BF9C-43C8-8565-BC4C659B00FA}"
EndProject
Project("{FAE04EC0-301F-11D3-BF4B-00C04F79EFBC}") = "Lcl.Analytics", "src\Hosts\AppServices\Lcl.Analytics\Lcl.Analytics.csproj", "{6C2702D2-425D-4F1F-B368-9EE5B5A7C837}"
EndProject
Global
	GlobalSection(SolutionConfigurationPlatforms) = preSolution
		Debug|Any CPU = Debug|Any CPU
		Release|Any CPU = Release|Any CPU
	EndGlobalSection
	GlobalSection(ProjectConfigurationPlatforms) = postSolution
		{6D3CC935-347C-4B30-BBBE-92822584570E}.Debug|Any CPU.ActiveCfg = Debug|Any CPU
		{6D3CC935-347C-4B30-BBBE-92822584570E}.Debug|Any CPU.Build.0 = Debug|Any CPU
		{6D3CC935-347C-4B30-BBBE-92822584570E}.Release|Any CPU.ActiveCfg = Release|Any CPU
		{6D3CC935-347C-4B30-BBBE-92822584570E}.Release|Any CPU.Build.0 = Release|Any CPU
		{7D5B4CA7-C0EF-4E21-B515-780B60EBC910}.Debug|Any CPU.ActiveCfg = Debug|Any CPU
		{7D5B4CA7-C0EF-4E21-B515-780B60EBC910}.Debug|Any CPU.Build.0 = Debug|Any CPU
		{7D5B4CA7-C0EF-4E21-B515-780B60EBC910}.Release|Any CPU.ActiveCfg = Release|Any CPU
		{7D5B4CA7-C0EF-4E21-B515-780B60EBC910}.Release|Any CPU.Build.0 = Release|Any CPU
		{71D62787-4B12-4AB1-A325-9D010D9EC932}.Debug|Any CPU.ActiveCfg = Debug|Any CPU
		{71D62787-4B12-4AB1-A325-9D010D9EC932}.Debug|Any CPU.Build.0 = Debug|Any CPU
		{71D62787-4B12-4AB1-A325-9D010D9EC932}.Release|Any CPU.ActiveCfg = Release|Any CPU
		{71D62787-4B12-4AB1-A325-9D010D9EC932}.Release|Any CPU.Build.0 = Release|Any CPU
		{AABD8C29-0F3D-494A-8497-854695D2B2DC}.Debug|Any CPU.ActiveCfg = Debug|Any CPU
		{AABD8C29-0F3D-494A-8497-854695D2B2DC}.Debug|Any CPU.Build.0 = Debug|Any CPU
		{AABD8C29-0F3D-494A-8497-854695D2B2DC}.Release|Any CPU.ActiveCfg = Release|Any CPU
		{AABD8C29-0F3D-494A-8497-854695D2B2DC}.Release|Any CPU.Build.0 = Release|Any CPU
		{C1FF93A8-BF9C-43C8-8565-BC4C659B00FA}.Debug|Any CPU.ActiveCfg = Debug|Any CPU
		{C1FF93A8-BF9C-43C8-8565-BC4C659B00FA}.Debug|Any CPU.Build.0 = Debug|Any CPU
		{C1FF93A8-BF9C-43C8-8565-BC4C659B00FA}.Release|Any CPU.ActiveCfg = Release|Any CPU
		{C1FF93A8-BF9C-43C8-8565-BC4C659B00FA}.Release|Any CPU.Build.0 = Release|Any CPU
		{6C2702D2-425D-4F1F-B368-9EE5B5A7C837}.Debug|Any CPU.ActiveCfg = Debug|Any CPU
		{6C2702D2-425D-4F1F-B368-9EE5B5A7C837}.Debug|Any CPU.Build.0 = Debug|Any CPU
		{6C2702D2-425D-4F1F-B368-9EE5B5A7C837}.Release|Any CPU.ActiveCfg = Release|Any CPU
		{6C2702D2-425D-4F1F-B368-9EE5B5A7C837}.Release|Any CPU.Build.0 = Release|Any CPU
		{8591C954-C611-47A5-992A-1A65F899241E}.Debug|Any CPU.ActiveCfg = Debug|Any CPU
		{8591C954-C611-47A5-992A-1A65F899241E}.Debug|Any CPU.Build.0 = Debug|Any CPU
		{8591C954-C611-47A5-992A-1A65F899241E}.Release|Any CPU.ActiveCfg = Release|Any CPU
		{8591C954-C611-47A5-992A-1A65F899241E}.Release|Any CPU.Build.0 = Release|Any CPU
		{E4710718-AE3C-4322-AAFD-DA8B0B584A15}.Debug|Any CPU.ActiveCfg = Debug|Any CPU
		{E4710718-AE3C-4322-AAFD-DA8B0B584A15}.Debug|Any CPU.Build.0 = Debug|Any CPU
		{E4710718-AE3C-4322-AAFD-DA8B0B584A15}.Release|Any CPU.ActiveCfg = Release|Any CPU
		{E4710718-AE3C-4322-AAFD-DA8B0B584A15}.Release|Any CPU.Build.0 = Release|Any CPU
		{25F9509A-9C85-41DF-AD92-7EF3C1A1FA83}.Debug|Any CPU.ActiveCfg = Debug|Any CPU
		{25F9509A-9C85-41DF-AD92-7EF3C1A1FA83}.Debug|Any CPU.Build.0 = Debug|Any CPU
		{25F9509A-9C85-41DF-AD92-7EF3C1A1FA83}.Release|Any CPU.ActiveCfg = Release|Any CPU
		{25F9509A-9C85-41DF-AD92-7EF3C1A1FA83}.Release|Any CPU.Build.0 = Release|Any CPU
	EndGlobalSection
EndGlobal
